
Microsoft Visual Studio Solution File, Format Version 12.00
# Visual Studio Version 17
VisualStudioVersion = 17.8.34330.188
MinimumVisualStudioVersion = 10.0.40219.1
Project("{FAE04EC0-301F-11D3-BF4B-00C04F79EFBC}") = "SignalRChat", "SignalRChat\SignalRChat.csproj", "{0075FF07-9740-404D-AFFA-74BB0AD2F283}"
EndProject
Global
	GlobalSection(SolutionConfigurationPlatforms) = preSolution
		Debug|Any CPU = Debug|Any CPU
		Release|Any CPU = Release|Any CPU
	EndGlobalSection
	GlobalSection(ProjectConfigurationPlatforms) = postSolution
		{0075FF07-9740-404D-AFFA-74BB0AD2F283}.Debug|Any CPU.ActiveCfg = Debug|Any CPU
		{0075FF07-9740-404D-AFFA-74BB0AD2F283}.Debug|Any CPU.Build.0 = Debug|Any CPU
		{0075FF07-9740-404D-AFFA-74BB0AD2F283}.Release|Any CPU.ActiveCfg = Release|Any CPU
		{0075FF07-9740-404D-AFFA-74BB0AD2F283}.Release|Any CPU.Build.0 = Release|Any CPU
	EndGlobalSection
	GlobalSection(SolutionProperties) = preSolution
		HideSolutionNode = FALSE
	EndGlobalSection
	GlobalSection(ExtensibilityGlobals) = postSolution
		SolutionGuid = {5FD3560B-ECA4-46AF-8A37-ABB7A06E77C9}
	EndGlobalSection
EndGlobal
